<?xml version="1.0" encoding="utf-8"?>
<Project ToolsVersion="4.0" xmlns="http://schemas.microsoft.com/developer/msbuild/2003">
  <ItemGroup>
    <Filter Include="convd">
      <UniqueIdentifier>{E5E7BA58-F191-47F5-9F85-C1A3686C5AC3}</UniqueIdentifier>
    </Filter>
    <Filter Include="common">
      <UniqueIdentifier>{FE868D38-992A-4541-AA91-A77CDD573296}</UniqueIdentifier>
    </Filter>
    <Filter Include="resources">
      <UniqueIdentifier>{685C41A6-8777-49A9-8B35-CD2E6CB048E1}</UniqueIdentifier>
      <Extensions>rc;ico;cur;bmp;dlg;rc2;rct;bin;rgs;gif;jpg;jpeg;jpe;resx;tiff;tif;png;wav;mfcribbon-ms</Extensions>
    </Filter>
  </ItemGroup>
  <ItemGroup>
    <ClInclude Include="..\..\src\common\unitypes.h">
      <Filter>common</Filter>
    </ClInclude>
    <ClInclude Include="..\..\src\convd\convd_api.h">
      <Filter>convd</Filter>
    </ClInclude>
    <ClInclude Include="..\..\src\convd\convd_i.h">
      <Filter>convd</Filter>
    </ClInclude>
  </ItemGroup>
  <ItemGroup>
    <None Include="prepare.bat" />
    <None Include="update.bat" />
  </ItemGroup>
  <ItemGroup>
    <ClCompile Include="..\..\src\convd\convd.c">
      <Filter>convd</Filter>
    </ClCompile>
  </ItemGroup>
</Project>